
Microsoft Visual Studio Solution File, Format Version 12.00
# Visual Studio 14
VisualStudioVersion = 14.0.25420.1
MinimumVisualStudioVersion = 10.0.40219.1
Project("{FAE04EC0-301F-11D3-BF4B-00C04F79EFBC}") = "LearningServer", "LearningServer\LearningServer.csproj", "{75A0A807-FB12-4476-B0A4-63261C5CADD7}"
EndProject
Project("{FAE04EC0-301F-11D3-BF4B-00C04F79EFBC}") = "LearningServer.BL", "LearningServer.BL\LearningServer.BL.csproj", "{68ECC421-D2A8-4F95-9DDC-909B54E525A8}"
EndProject
Project("{FAE04EC0-301F-11D3-BF4B-00C04F79EFBC}") = "LearningServer.DAL", "LearningServer.DAL\LearningServer.DAL.csproj", "{C99FFC5A-5DCF-416A-ADE2-3291A5FEE96A}"
EndProject
Global
	GlobalSection(SolutionConfigurationPlatforms) = preSolution
		Debug|Any CPU = Debug|Any CPU
		Release|Any CPU = Release|Any CPU
	EndGlobalSection
	GlobalSection(ProjectConfigurationPlatforms) = postSolution
		{75A0A807-FB12-4476-B0A4-63261C5CADD7}.Debug|Any CPU.ActiveCfg = Debug|Any CPU
		{75A0A807-FB12-4476-B0A4-63261C5CADD7}.Debug|Any CPU.Build.0 = Debug|Any CPU
		{75A0A807-FB12-4476-B0A4-63261C5CADD7}.Debug|Any CPU.Deploy.0 = Debug|Any CPU
		{75A0A807-FB12-4476-B0A4-63261C5CADD7}.Release|Any CPU.ActiveCfg = Release|Any CPU
		{75A0A807-FB12-4476-B0A4-63261C5CADD7}.Release|Any CPU.Build.0 = Release|Any CPU
		{68ECC421-D2A8-4F95-9DDC-909B54E525A8}.Debug|Any CPU.ActiveCfg = Debug|Any CPU
		{68ECC421-D2A8-4F95-9DDC-909B54E525A8}.Debug|Any CPU.Build.0 = Debug|Any CPU
		{68ECC421-D2A8-4F95-9DDC-909B54E525A8}.Release|Any CPU.ActiveCfg = Release|Any CPU
		{68ECC421-D2A8-4F95-9DDC-909B54E525A8}.Release|Any CPU.Build.0 = Release|Any CPU
		{C99FFC5A-5DCF-416A-ADE2-3291A5FEE96A}.Debug|Any CPU.ActiveCfg = Debug|Any CPU
		{C99FFC5A-5DCF-416A-ADE2-3291A5FEE96A}.Debug|Any CPU.Build.0 = Debug|Any CPU
		{C99FFC5A-5DCF-416A-ADE2-3291A5FEE96A}.Release|Any CPU.ActiveCfg = Release|Any CPU
		{C99FFC5A-5DCF-416A-ADE2-3291A5FEE96A}.Release|Any CPU.Build.0 = Release|Any CPU
	EndGlobalSection
	GlobalSection(SolutionProperties) = preSolution
		HideSolutionNode = FALSE
	EndGlobalSection
EndGlobal
