
Microsoft Visual Studio Solution File, Format Version 12.00
# Visual Studio 14
VisualStudioVersion = 14.0.25420.1
MinimumVisualStudioVersion = 10.0.40219.1
Project("{FAE04EC0-301F-11D3-BF4B-00C04F79EFBC}") = "LearningServer.BL", "LearningServer.BL\LearningServer.BL.csproj", "{68ECC421-D2A8-4F95-9DDC-909B54E525A8}"
EndProject
Project("{FAE04EC0-301F-11D3-BF4B-00C04F79EFBC}") = "LearningServer.DAL", "LearningServer.DAL\LearningServer.DAL.csproj", "{C99FFC5A-5DCF-416A-ADE2-3291A5FEE96A}"
EndProject
Project("{FAE04EC0-301F-11D3-BF4B-00C04F79EFBC}") = "Server", "Server\Server.csproj", "{12DF14D7-6DD0-4C7D-A8DA-B388B7FE5FFB}"
EndProject
Project("{FAE04EC0-301F-11D3-BF4B-00C04F79EFBC}") = "LearningServer.Services", "LearningServer.Services\LearningServer.Services.csproj", "{2586E05C-4D1D-43B2-B90E-B3F082C21770}"
EndProject
Global
	GlobalSection(SolutionConfigurationPlatforms) = preSolution
		Debug|Any CPU = Debug|Any CPU
		Release|Any CPU = Release|Any CPU
	EndGlobalSection
	GlobalSection(ProjectConfigurationPlatforms) = postSolution
		{68ECC421-D2A8-4F95-9DDC-909B54E525A8}.Debug|Any CPU.ActiveCfg = Debug|Any CPU
		{68ECC421-D2A8-4F95-9DDC-909B54E525A8}.Debug|Any CPU.Build.0 = Debug|Any CPU
		{68ECC421-D2A8-4F95-9DDC-909B54E525A8}.Release|Any CPU.ActiveCfg = Release|Any CPU
		{68ECC421-D2A8-4F95-9DDC-909B54E525A8}.Release|Any CPU.Build.0 = Release|Any CPU
		{C99FFC5A-5DCF-416A-ADE2-3291A5FEE96A}.Debug|Any CPU.ActiveCfg = Debug|Any CPU
		{C99FFC5A-5DCF-416A-ADE2-3291A5FEE96A}.Debug|Any CPU.Build.0 = Debug|Any CPU
		{C99FFC5A-5DCF-416A-ADE2-3291A5FEE96A}.Release|Any CPU.ActiveCfg = Release|Any CPU
		{C99FFC5A-5DCF-416A-ADE2-3291A5FEE96A}.Release|Any CPU.Build.0 = Release|Any CPU
		{12DF14D7-6DD0-4C7D-A8DA-B388B7FE5FFB}.Debug|Any CPU.ActiveCfg = Debug|Any CPU
		{12DF14D7-6DD0-4C7D-A8DA-B388B7FE5FFB}.Debug|Any CPU.Build.0 = Debug|Any CPU
		{12DF14D7-6DD0-4C7D-A8DA-B388B7FE5FFB}.Release|Any CPU.ActiveCfg = Release|Any CPU
		{12DF14D7-6DD0-4C7D-A8DA-B388B7FE5FFB}.Release|Any CPU.Build.0 = Release|Any CPU
		{2586E05C-4D1D-43B2-B90E-B3F082C21770}.Debug|Any CPU.ActiveCfg = Debug|Any CPU
		{2586E05C-4D1D-43B2-B90E-B3F082C21770}.Debug|Any CPU.Build.0 = Debug|Any CPU
		{2586E05C-4D1D-43B2-B90E-B3F082C21770}.Release|Any CPU.ActiveCfg = Release|Any CPU
		{2586E05C-4D1D-43B2-B90E-B3F082C21770}.Release|Any CPU.Build.0 = Release|Any CPU
	EndGlobalSection
	GlobalSection(SolutionProperties) = preSolution
		HideSolutionNode = FALSE
	EndGlobalSection
EndGlobal
